
Microsoft Visual Studio Solution File, Format Version 12.00
# Visual Studio Version 16
VisualStudioVersion = 16.0.29009.5
MinimumVisualStudioVersion = 10.0.40219.1
Project("{2150E333-8FDC-42A3-9474-1A3956D46DE8}") = "0 - Presentation", "0 - Presentation", "{B2EFC176-FF7D-48E0-9E47-BA4AA44A4644}"
EndProject
Project("{2150E333-8FDC-42A3-9474-1A3956D46DE8}") = "1 - Services", "1 - Services", "{7B012BBB-B91D-4F41-9D8D-F2217D1C3E5A}"
EndProject
Project("{2150E333-8FDC-42A3-9474-1A3956D46DE8}") = "2 - Application", "2 - Application", "{702DC28D-0033-48E7-A6A9-DA8871EE8070}"
EndProject
Project("{2150E333-8FDC-42A3-9474-1A3956D46DE8}") = "3 - Domain", "3 - Domain", "{B290B879-3803-4B90-B011-4301DCF5F097}"
EndProject
Project("{2150E333-8FDC-42A3-9474-1A3956D46DE8}") = "4 - Infra", "4 - Infra", "{A4A940D1-FBBB-4C20-A0BD-72FEEBAB46A9}"
EndProject
Project("{2150E333-8FDC-42A3-9474-1A3956D46DE8}") = "4.1 - Data", "4.1 - Data", "{32C68412-4358-4CC4-B10E-157DB7902FA8}"
EndProject
Project("{2150E333-8FDC-42A3-9474-1A3956D46DE8}") = "4.2 - CrossCutting", "4.2 - CrossCutting", "{B1269535-78F9-4212-845A-03B91913FD47}"
EndProject
Project("{FAE04EC0-301F-11D3-BF4B-00C04F79EFBC}") = "MFI.WebApi", "App\MFI.WebApi\MFI.WebApi.csproj", "{449169D6-06BF-4E51-8CB2-4E3923520AC9}"
EndProject
Project("{FAE04EC0-301F-11D3-BF4B-00C04F79EFBC}") = "MFI.Domain", "App\MFI.Domain\MFI.Domain.csproj", "{91B89BFE-A5C3-40A1-B0A3-395EF7FC33AB}"
EndProject
Project("{FAE04EC0-301F-11D3-BF4B-00C04F79EFBC}") = "edrsys.Utils", "..\..\..\edrsys_Utils\edrsys.Utils\edrsys.Utils.csproj", "{47779B3B-1383-4D92-A44F-38B764C57710}"
EndProject
Project("{FAE04EC0-301F-11D3-BF4B-00C04F79EFBC}") = "MFI.IoC", "App\MFI.IoC\MFI.IoC.csproj", "{A7EBB118-6A6A-46B1-81BA-DA5EBFE59B91}"
EndProject
Project("{FAE04EC0-301F-11D3-BF4B-00C04F79EFBC}") = "MFI.Application", "App\MFI.Application\MFI.Application.csproj", "{1EA059BF-7FBB-42C1-922C-112F0FEBFFAC}"
EndProject
Project("{FAE04EC0-301F-11D3-BF4B-00C04F79EFBC}") = "MFI.Data.EF", "App\MFI.Data.EF\MFI.Data.EF.csproj", "{BB9DD3A9-CE58-4636-B5C7-A21C87E15ADB}"
EndProject
Project("{FAE04EC0-301F-11D3-BF4B-00C04F79EFBC}") = "MFI.Utils", "App\MFI.Utils\MFI.Utils.csproj", "{E2478D2E-B386-47C5-9425-07651A41AEC2}"
EndProject
Global
	GlobalSection(SolutionConfigurationPlatforms) = preSolution
		Debug|Any CPU = Debug|Any CPU
		Release|Any CPU = Release|Any CPU
	EndGlobalSection
	GlobalSection(ProjectConfigurationPlatforms) = postSolution
		{449169D6-06BF-4E51-8CB2-4E3923520AC9}.Debug|Any CPU.ActiveCfg = Debug|Any CPU
		{449169D6-06BF-4E51-8CB2-4E3923520AC9}.Debug|Any CPU.Build.0 = Debug|Any CPU
		{449169D6-06BF-4E51-8CB2-4E3923520AC9}.Release|Any CPU.ActiveCfg = Release|Any CPU
		{449169D6-06BF-4E51-8CB2-4E3923520AC9}.Release|Any CPU.Build.0 = Release|Any CPU
		{91B89BFE-A5C3-40A1-B0A3-395EF7FC33AB}.Debug|Any CPU.ActiveCfg = Debug|Any CPU
		{91B89BFE-A5C3-40A1-B0A3-395EF7FC33AB}.Debug|Any CPU.Build.0 = Debug|Any CPU
		{91B89BFE-A5C3-40A1-B0A3-395EF7FC33AB}.Release|Any CPU.ActiveCfg = Release|Any CPU
		{91B89BFE-A5C3-40A1-B0A3-395EF7FC33AB}.Release|Any CPU.Build.0 = Release|Any CPU
		{47779B3B-1383-4D92-A44F-38B764C57710}.Debug|Any CPU.ActiveCfg = Debug|Any CPU
		{47779B3B-1383-4D92-A44F-38B764C57710}.Debug|Any CPU.Build.0 = Debug|Any CPU
		{47779B3B-1383-4D92-A44F-38B764C57710}.Release|Any CPU.ActiveCfg = Release|Any CPU
		{47779B3B-1383-4D92-A44F-38B764C57710}.Release|Any CPU.Build.0 = Release|Any CPU
		{A7EBB118-6A6A-46B1-81BA-DA5EBFE59B91}.Debug|Any CPU.ActiveCfg = Debug|Any CPU
		{A7EBB118-6A6A-46B1-81BA-DA5EBFE59B91}.Debug|Any CPU.Build.0 = Debug|Any CPU
		{A7EBB118-6A6A-46B1-81BA-DA5EBFE59B91}.Release|Any CPU.ActiveCfg = Release|Any CPU
		{A7EBB118-6A6A-46B1-81BA-DA5EBFE59B91}.Release|Any CPU.Build.0 = Release|Any CPU
		{1EA059BF-7FBB-42C1-922C-112F0FEBFFAC}.Debug|Any CPU.ActiveCfg = Debug|Any CPU
		{1EA059BF-7FBB-42C1-922C-112F0FEBFFAC}.Debug|Any CPU.Build.0 = Debug|Any CPU
		{1EA059BF-7FBB-42C1-922C-112F0FEBFFAC}.Release|Any CPU.ActiveCfg = Release|Any CPU
		{1EA059BF-7FBB-42C1-922C-112F0FEBFFAC}.Release|Any CPU.Build.0 = Release|Any CPU
		{BB9DD3A9-CE58-4636-B5C7-A21C87E15ADB}.Debug|Any CPU.ActiveCfg = Debug|Any CPU
		{BB9DD3A9-CE58-4636-B5C7-A21C87E15ADB}.Debug|Any CPU.Build.0 = Debug|Any CPU
		{BB9DD3A9-CE58-4636-B5C7-A21C87E15ADB}.Release|Any CPU.ActiveCfg = Release|Any CPU
		{BB9DD3A9-CE58-4636-B5C7-A21C87E15ADB}.Release|Any CPU.Build.0 = Release|Any CPU
		{E2478D2E-B386-47C5-9425-07651A41AEC2}.Debug|Any CPU.ActiveCfg = Debug|Any CPU
		{E2478D2E-B386-47C5-9425-07651A41AEC2}.Debug|Any CPU.Build.0 = Debug|Any CPU
		{E2478D2E-B386-47C5-9425-07651A41AEC2}.Release|Any CPU.ActiveCfg = Release|Any CPU
		{E2478D2E-B386-47C5-9425-07651A41AEC2}.Release|Any CPU.Build.0 = Release|Any CPU
	EndGlobalSection
	GlobalSection(SolutionProperties) = preSolution
		HideSolutionNode = FALSE
	EndGlobalSection
	GlobalSection(NestedProjects) = preSolution
		{32C68412-4358-4CC4-B10E-157DB7902FA8} = {A4A940D1-FBBB-4C20-A0BD-72FEEBAB46A9}
		{B1269535-78F9-4212-845A-03B91913FD47} = {A4A940D1-FBBB-4C20-A0BD-72FEEBAB46A9}
		{449169D6-06BF-4E51-8CB2-4E3923520AC9} = {7B012BBB-B91D-4F41-9D8D-F2217D1C3E5A}
		{91B89BFE-A5C3-40A1-B0A3-395EF7FC33AB} = {B290B879-3803-4B90-B011-4301DCF5F097}
		{47779B3B-1383-4D92-A44F-38B764C57710} = {B1269535-78F9-4212-845A-03B91913FD47}
		{A7EBB118-6A6A-46B1-81BA-DA5EBFE59B91} = {B1269535-78F9-4212-845A-03B91913FD47}
		{1EA059BF-7FBB-42C1-922C-112F0FEBFFAC} = {702DC28D-0033-48E7-A6A9-DA8871EE8070}
		{BB9DD3A9-CE58-4636-B5C7-A21C87E15ADB} = {32C68412-4358-4CC4-B10E-157DB7902FA8}
		{E2478D2E-B386-47C5-9425-07651A41AEC2} = {B1269535-78F9-4212-845A-03B91913FD47}
	EndGlobalSection
	GlobalSection(ExtensibilityGlobals) = postSolution
		SolutionGuid = {A55B90D1-5FA2-4E85-87B2-C6DB7E3307CD}
	EndGlobalSection
EndGlobal
